// !$*UTF8*$!
{
	archiveVersion = 1;
	classes = {
	};
	objectVersion = 55;
	objects = {

/* Begin PBXBuildFile section */
		4D1D966B28913B620094A76B /* UUTabBarController.swift in Sources */ = {isa = PBXBuildFile; fileRef = 4D1D966A28913B620094A76B /* UUTabBarController.swift */; };
		4D1D966E28913D670094A76B /* UUBaseViewController.swift in Sources */ = {isa = PBXBuildFile; fileRef = 4D1D966D28913D670094A76B /* UUBaseViewController.swift */; };
		4D1D967128921F4E0094A76B /* UIColorExtension.swift in Sources */ = {isa = PBXBuildFile; fileRef = 4D1D967028921F4E0094A76B /* UIColorExtension.swift */; };
		4D1D96732892247C0094A76B /* UUNavigationController.swift in Sources */ = {isa = PBXBuildFile; fileRef = 4D1D96722892247C0094A76B /* UUNavigationController.swift */; };
		4D1D9675289230170094A76B /* UUPageViewController.swift in Sources */ = {isa = PBXBuildFile; fileRef = 4D1D9674289230170094A76B /* UUPageViewController.swift */; };
		4D1D9678289237630094A76B /* UUHomeViewController.swift in Sources */ = {isa = PBXBuildFile; fileRef = 4D1D9677289237630094A76B /* UUHomeViewController.swift */; };
		4D1D967B2892590C0094A76B /* UUVIPListViewController.swift in Sources */ = {isa = PBXBuildFile; fileRef = 4D1D967A2892590C0094A76B /* UUVIPListViewController.swift */; };
		4D1D967D289259230094A76B /* UUBoutiqueListViewController.swift in Sources */ = {isa = PBXBuildFile; fileRef = 4D1D967C289259230094A76B /* UUBoutiqueListViewController.swift */; };
		4D1D967F289259490094A76B /* UUSubscibeListViewController.swift in Sources */ = {isa = PBXBuildFile; fileRef = 4D1D967E289259490094A76B /* UUSubscibeListViewController.swift */; };
		4D1D9681289259610094A76B /* UUUpdateListViewController.swift in Sources */ = {isa = PBXBuildFile; fileRef = 4D1D9680289259610094A76B /* UUUpdateListViewController.swift */; };
		4D1D9683289259740094A76B /* UUSpecialViewController.swift in Sources */ = {isa = PBXBuildFile; fileRef = 4D1D9682289259740094A76B /* UUSpecialViewController.swift */; };
		4D1D96852892598B0094A76B /* UURankListViewController.swift in Sources */ = {isa = PBXBuildFile; fileRef = 4D1D96842892598B0094A76B /* UURankListViewController.swift */; };
		4D1D968D28925A910094A76B /* UUCateListViewController.swift in Sources */ = {isa = PBXBuildFile; fileRef = 4D1D968C28925A910094A76B /* UUCateListViewController.swift */; };
		4D1D969028925AB50094A76B /* UUComicViewController.swift in Sources */ = {isa = PBXBuildFile; fileRef = 4D1D968F28925AB50094A76B /* UUComicViewController.swift */; };
		4D1D969228925ACC0094A76B /* UUComicDetailViewController.swift in Sources */ = {isa = PBXBuildFile; fileRef = 4D1D969128925ACC0094A76B /* UUComicDetailViewController.swift */; };
		4D1D969428925ADA0094A76B /* UUOtherWorksViewController.swift in Sources */ = {isa = PBXBuildFile; fileRef = 4D1D969328925ADA0094A76B /* UUOtherWorksViewController.swift */; };
		4D1D969628925AEA0094A76B /* UUChapterViewController.swift in Sources */ = {isa = PBXBuildFile; fileRef = 4D1D969528925AEA0094A76B /* UUChapterViewController.swift */; };
		4D1D969828925AF70094A76B /* UUComicListViewController.swift in Sources */ = {isa = PBXBuildFile; fileRef = 4D1D969728925AF70094A76B /* UUComicListViewController.swift */; };
		4D1D969A28925B040094A76B /* UUReadViewController.swift in Sources */ = {isa = PBXBuildFile; fileRef = 4D1D969928925B040094A76B /* UUReadViewController.swift */; };
		4D1D969C28925B170094A76B /* UUCommentViewController.swift in Sources */ = {isa = PBXBuildFile; fileRef = 4D1D969B28925B170094A76B /* UUCommentViewController.swift */; };
		4D1D969F28925B6B0094A76B /* UUBookGradViewController.swift in Sources */ = {isa = PBXBuildFile; fileRef = 4D1D969E28925B6B0094A76B /* UUBookGradViewController.swift */; };
		4D1D96A128925B7F0094A76B /* UUBookViewController.swift in Sources */ = {isa = PBXBuildFile; fileRef = 4D1D96A028925B7F0094A76B /* UUBookViewController.swift */; };
		4D1D96A328925BC00094A76B /* UUBookListViewController.swift in Sources */ = {isa = PBXBuildFile; fileRef = 4D1D96A228925BC00094A76B /* UUBookListViewController.swift */; };
		4D1D96A528925BFC0094A76B /* UUBookDownloadListVC.swift in Sources */ = {isa = PBXBuildFile; fileRef = 4D1D96A428925BFC0094A76B /* UUBookDownloadListVC.swift */; };
		4D1D96A828925C290094A76B /* UUSettingViewController.swift in Sources */ = {isa = PBXBuildFile; fileRef = 4D1D96A728925C290094A76B /* UUSettingViewController.swift */; };
		4D1D96AA28925C360094A76B /* UUMineViewController.swift in Sources */ = {isa = PBXBuildFile; fileRef = 4D1D96A928925C360094A76B /* UUMineViewController.swift */; };
		4D1D96AC289264410094A76B /* UUSearchViewController.swift in Sources */ = {isa = PBXBuildFile; fileRef = 4D1D96AB289264410094A76B /* UUSearchViewController.swift */; };
		4D1D96AF28926AD10094A76B /* RankingListModel.swift in Sources */ = {isa = PBXBuildFile; fileRef = 4D1D96AE28926AD10094A76B /* RankingListModel.swift */; };
		4D1D96B228926E4E0094A76B /* UURankTabCell.swift in Sources */ = {isa = PBXBuildFile; fileRef = 4D1D96B128926E4E0094A76B /* UURankTabCell.swift */; };
		4D1D96B528926E780094A76B /* UUBaseTableViewCell.swift in Sources */ = {isa = PBXBuildFile; fileRef = 4D1D96B428926E780094A76B /* UUBaseTableViewCell.swift */; };
		4D1D96B828926FBC0094A76B /* UURefresH.swift in Sources */ = {isa = PBXBuildFile; fileRef = 4D1D96B728926FBC0094A76B /* UURefresH.swift */; };
		4D1D96BB2892711D0094A76B /* UEmptyDataSet.swift in Sources */ = {isa = PBXBuildFile; fileRef = 4D1D96BA2892711D0094A76B /* UEmptyDataSet.swift */; };
		4D1D96BD2892720D0094A76B /* Global.swift in Sources */ = {isa = PBXBuildFile; fileRef = 4D1D96BC2892720D0094A76B /* Global.swift */; };
		4D1D96BF289274CE0094A76B /* UUAPI.swift in Sources */ = {isa = PBXBuildFile; fileRef = 4D1D96BE289274CE0094A76B /* UUAPI.swift */; };
		4D7EF7BD288AA45600614FAD /* AppDelegate.swift in Sources */ = {isa = PBXBuildFile; fileRef = 4D7EF7BC288AA45600614FAD /* AppDelegate.swift */; };
		4D7EF7C1288AA45600614FAD /* ViewController.swift in Sources */ = {isa = PBXBuildFile; fileRef = 4D7EF7C0288AA45600614FAD /* ViewController.swift */; };
		4D7EF7C4288AA45600614FAD /* Main.storyboard in Resources */ = {isa = PBXBuildFile; fileRef = 4D7EF7C2288AA45600614FAD /* Main.storyboard */; };
		4D7EF7C6288AA45700614FAD /* Assets.xcassets in Resources */ = {isa = PBXBuildFile; fileRef = 4D7EF7C5288AA45700614FAD /* Assets.xcassets */; };
		4D7EF7C9288AA45700614FAD /* LaunchScreen.storyboard in Resources */ = {isa = PBXBuildFile; fileRef = 4D7EF7C7288AA45700614FAD /* LaunchScreen.storyboard */; };
		4D7EF7D4288AA45700614FAD /* U18Tests.swift in Sources */ = {isa = PBXBuildFile; fileRef = 4D7EF7D3288AA45700614FAD /* U18Tests.swift */; };
		4D7EF7DE288AA45700614FAD /* U18UITests.swift in Sources */ = {isa = PBXBuildFile; fileRef = 4D7EF7DD288AA45700614FAD /* U18UITests.swift */; };
		4D7EF7E0288AA45700614FAD /* U18UITestsLaunchTests.swift in Sources */ = {isa = PBXBuildFile; fileRef = 4D7EF7DF288AA45700614FAD /* U18UITestsLaunchTests.swift */; };
		D978D40E78B6B424ED8745DA /* Pods_U18.framework in Frameworks */ = {isa = PBXBuildFile; fileRef = 11EAF32A9C26DC12D7125802 /* Pods_U18.framework */; };
/* End PBXBuildFile section */

/* Begin PBXContainerItemProxy section */
		4D7EF7D0288AA45700614FAD /* PBXContainerItemProxy */ = {
			isa = PBXContainerItemProxy;
			containerPortal = 4D7EF7B1288AA45600614FAD /* Project object */;
			proxyType = 1;
			remoteGlobalIDString = 4D7EF7B8288AA45600614FAD;
			remoteInfo = U18;
		};
		4D7EF7DA288AA45700614FAD /* PBXContainerItemProxy */ = {
			isa = PBXContainerItemProxy;
			containerPortal = 4D7EF7B1288AA45600614FAD /* Project object */;
			proxyType = 1;
			remoteGlobalIDString = 4D7EF7B8288AA45600614FAD;
			remoteInfo = U18;
		};
/* End PBXContainerItemProxy section */

/* Begin PBXFileReference section */
		11EAF32A9C26DC12D7125802 /* Pods_U18.framework */ = {isa = PBXFileReference; explicitFileType = wrapper.framework; includeInIndex = 0; path = Pods_U18.framework; sourceTree = BUILT_PRODUCTS_DIR; };
		4446D602F2F278FCE44CB74F /* Pods-U18.release.xcconfig */ = {isa = PBXFileReference; includeInIndex = 1; lastKnownFileType = text.xcconfig; name = "Pods-U18.release.xcconfig"; path = "Target Support Files/Pods-U18/Pods-U18.release.xcconfig"; sourceTree = "<group>"; };
		4D1D966A28913B620094A76B /* UUTabBarController.swift */ = {isa = PBXFileReference; lastKnownFileType = sourcecode.swift; path = UUTabBarController.swift; sourceTree = "<group>"; };
		4D1D966D28913D670094A76B /* UUBaseViewController.swift */ = {isa = PBXFileReference; lastKnownFileType = sourcecode.swift; path = UUBaseViewController.swift; sourceTree = "<group>"; };
		4D1D967028921F4E0094A76B /* UIColorExtension.swift */ = {isa = PBXFileReference; lastKnownFileType = sourcecode.swift; path = UIColorExtension.swift; sourceTree = "<group>"; };
		4D1D96722892247C0094A76B /* UUNavigationController.swift */ = {isa = PBXFileReference; lastKnownFileType = sourcecode.swift; path = UUNavigationController.swift; sourceTree = "<group>"; };
		4D1D9674289230170094A76B /* UUPageViewController.swift */ = {isa = PBXFileReference; lastKnownFileType = sourcecode.swift; path = UUPageViewController.swift; sourceTree = "<group>"; };
		4D1D9677289237630094A76B /* UUHomeViewController.swift */ = {isa = PBXFileReference; lastKnownFileType = sourcecode.swift; path = UUHomeViewController.swift; sourceTree = "<group>"; };
		4D1D967A2892590C0094A76B /* UUVIPListViewController.swift */ = {isa = PBXFileReference; lastKnownFileType = sourcecode.swift; path = UUVIPListViewController.swift; sourceTree = "<group>"; };
		4D1D967C289259230094A76B /* UUBoutiqueListViewController.swift */ = {isa = PBXFileReference; lastKnownFileType = sourcecode.swift; path = UUBoutiqueListViewController.swift; sourceTree = "<group>"; };
		4D1D967E289259490094A76B /* UUSubscibeListViewController.swift */ = {isa = PBXFileReference; lastKnownFileType = sourcecode.swift; path = UUSubscibeListViewController.swift; sourceTree = "<group>"; };
		4D1D9680289259610094A76B /* UUUpdateListViewController.swift */ = {isa = PBXFileReference; lastKnownFileType = sourcecode.swift; path = UUUpdateListViewController.swift; sourceTree = "<group>"; };
		4D1D9682289259740094A76B /* UUSpecialViewController.swift */ = {isa = PBXFileReference; lastKnownFileType = sourcecode.swift; path = UUSpecialViewController.swift; sourceTree = "<group>"; };
		4D1D96842892598B0094A76B /* UURankListViewController.swift */ = {isa = PBXFileReference; lastKnownFileType = sourcecode.swift; path = UURankListViewController.swift; sourceTree = "<group>"; };
		4D1D968C28925A910094A76B /* UUCateListViewController.swift */ = {isa = PBXFileReference; lastKnownFileType = sourcecode.swift; path = UUCateListViewController.swift; sourceTree = "<group>"; };
		4D1D968F28925AB50094A76B /* UUComicViewController.swift */ = {isa = PBXFileReference; lastKnownFileType = sourcecode.swift; path = UUComicViewController.swift; sourceTree = "<group>"; };
		4D1D969128925ACC0094A76B /* UUComicDetailViewController.swift */ = {isa = PBXFileReference; lastKnownFileType = sourcecode.swift; path = UUComicDetailViewController.swift; sourceTree = "<group>"; };
		4D1D969328925ADA0094A76B /* UUOtherWorksViewController.swift */ = {isa = PBXFileReference; lastKnownFileType = sourcecode.swift; path = UUOtherWorksViewController.swift; sourceTree = "<group>"; };
		4D1D969528925AEA0094A76B /* UUChapterViewController.swift */ = {isa = PBXFileReference; lastKnownFileType = sourcecode.swift; path = UUChapterViewController.swift; sourceTree = "<group>"; };
		4D1D969728925AF70094A76B /* UUComicListViewController.swift */ = {isa = PBXFileReference; lastKnownFileType = sourcecode.swift; path = UUComicListViewController.swift; sourceTree = "<group>"; };
		4D1D969928925B040094A76B /* UUReadViewController.swift */ = {isa = PBXFileReference; lastKnownFileType = sourcecode.swift; path = UUReadViewController.swift; sourceTree = "<group>"; };
		4D1D969B28925B170094A76B /* UUCommentViewController.swift */ = {isa = PBXFileReference; lastKnownFileType = sourcecode.swift; path = UUCommentViewController.swift; sourceTree = "<group>"; };
		4D1D969E28925B6B0094A76B /* UUBookGradViewController.swift */ = {isa = PBXFileReference; lastKnownFileType = sourcecode.swift; path = UUBookGradViewController.swift; sourceTree = "<group>"; };
		4D1D96A028925B7F0094A76B /* UUBookViewController.swift */ = {isa = PBXFileReference; lastKnownFileType = sourcecode.swift; path = UUBookViewController.swift; sourceTree = "<group>"; };
		4D1D96A228925BC00094A76B /* UUBookListViewController.swift */ = {isa = PBXFileReference; lastKnownFileType = sourcecode.swift; path = UUBookListViewController.swift; sourceTree = "<group>"; };
		4D1D96A428925BFC0094A76B /* UUBookDownloadListVC.swift */ = {isa = PBXFileReference; lastKnownFileType = sourcecode.swift; path = UUBookDownloadListVC.swift; sourceTree = "<group>"; };
		4D1D96A728925C290094A76B /* UUSettingViewController.swift */ = {isa = PBXFileReference; lastKnownFileType = sourcecode.swift; path = UUSettingViewController.swift; sourceTree = "<group>"; };
		4D1D96A928925C360094A76B /* UUMineViewController.swift */ = {isa = PBXFileReference; lastKnownFileType = sourcecode.swift; path = UUMineViewController.swift; sourceTree = "<group>"; };
		4D1D96AB289264410094A76B /* UUSearchViewController.swift */ = {isa = PBXFileReference; lastKnownFileType = sourcecode.swift; path = UUSearchViewController.swift; sourceTree = "<group>"; };
		4D1D96AE28926AD10094A76B /* RankingListModel.swift */ = {isa = PBXFileReference; lastKnownFileType = sourcecode.swift; path = RankingListModel.swift; sourceTree = "<group>"; };
		4D1D96B128926E4E0094A76B /* UURankTabCell.swift */ = {isa = PBXFileReference; lastKnownFileType = sourcecode.swift; path = UURankTabCell.swift; sourceTree = "<group>"; };
		4D1D96B428926E780094A76B /* UUBaseTableViewCell.swift */ = {isa = PBXFileReference; lastKnownFileType = sourcecode.swift; path = UUBaseTableViewCell.swift; sourceTree = "<group>"; };
		4D1D96B728926FBC0094A76B /* UURefresH.swift */ = {isa = PBXFileReference; lastKnownFileType = sourcecode.swift; path = UURefresH.swift; sourceTree = "<group>"; };
		4D1D96BA2892711D0094A76B /* UEmptyDataSet.swift */ = {isa = PBXFileReference; lastKnownFileType = sourcecode.swift; path = UEmptyDataSet.swift; sourceTree = "<group>"; };
		4D1D96BC2892720D0094A76B /* Global.swift */ = {isa = PBXFileReference; lastKnownFileType = sourcecode.swift; path = Global.swift; sourceTree = "<group>"; };
		4D1D96BE289274CE0094A76B /* UUAPI.swift */ = {isa = PBXFileReference; lastKnownFileType = sourcecode.swift; path = UUAPI.swift; sourceTree = "<group>"; };
		4D7EF7B9288AA45600614FAD /* U18.app */ = {isa = PBXFileReference; explicitFileType = wrapper.application; includeInIndex = 0; path = U18.app; sourceTree = BUILT_PRODUCTS_DIR; };
		4D7EF7BC288AA45600614FAD /* AppDelegate.swift */ = {isa = PBXFileReference; lastKnownFileType = sourcecode.swift; path = AppDelegate.swift; sourceTree = "<group>"; };
		4D7EF7C0288AA45600614FAD /* ViewController.swift */ = {isa = PBXFileReference; lastKnownFileType = sourcecode.swift; path = ViewController.swift; sourceTree = "<group>"; };
		4D7EF7C3288AA45600614FAD /* Base */ = {isa = PBXFileReference; lastKnownFileType = file.storyboard; name = Base; path = Base.lproj/Main.storyboard; sourceTree = "<group>"; };
		4D7EF7C5288AA45700614FAD /* Assets.xcassets */ = {isa = PBXFileReference; lastKnownFileType = folder.assetcatalog; path = Assets.xcassets; sourceTree = "<group>"; };
		4D7EF7C8288AA45700614FAD /* Base */ = {isa = PBXFileReference; lastKnownFileType = file.storyboard; name = Base; path = Base.lproj/LaunchScreen.storyboard; sourceTree = "<group>"; };
		4D7EF7CA288AA45700614FAD /* Info.plist */ = {isa = PBXFileReference; lastKnownFileType = text.plist.xml; path = Info.plist; sourceTree = "<group>"; };
		4D7EF7CF288AA45700614FAD /* U18Tests.xctest */ = {isa = PBXFileReference; explicitFileType = wrapper.cfbundle; includeInIndex = 0; path = U18Tests.xctest; sourceTree = BUILT_PRODUCTS_DIR; };
		4D7EF7D3288AA45700614FAD /* U18Tests.swift */ = {isa = PBXFileReference; lastKnownFileType = sourcecode.swift; path = U18Tests.swift; sourceTree = "<group>"; };
		4D7EF7D9288AA45700614FAD /* U18UITests.xctest */ = {isa = PBXFileReference; explicitFileType = wrapper.cfbundle; includeInIndex = 0; path = U18UITests.xctest; sourceTree = BUILT_PRODUCTS_DIR; };
		4D7EF7DD288AA45700614FAD /* U18UITests.swift */ = {isa = PBXFileReference; lastKnownFileType = sourcecode.swift; path = U18UITests.swift; sourceTree = "<group>"; };
		4D7EF7DF288AA45700614FAD /* U18UITestsLaunchTests.swift */ = {isa = PBXFileReference; lastKnownFileType = sourcecode.swift; path = U18UITestsLaunchTests.swift; sourceTree = "<group>"; };
		61311BEC31964A56FDA795CF /* Pods-U18.debug.xcconfig */ = {isa = PBXFileReference; includeInIndex = 1; lastKnownFileType = text.xcconfig; name = "Pods-U18.debug.xcconfig"; path = "Target Support Files/Pods-U18/Pods-U18.debug.xcconfig"; sourceTree = "<group>"; };
/* End PBXFileReference section */

/* Begin PBXFrameworksBuildPhase section */
		4D7EF7B6288AA45600614FAD /* Frameworks */ = {
			isa = PBXFrameworksBuildPhase;
			buildActionMask = 2147483647;
			files = (
				D978D40E78B6B424ED8745DA /* Pods_U18.framework in Frameworks */,
			);
			runOnlyForDeploymentPostprocessing = 0;
		};
		4D7EF7CC288AA45700614FAD /* Frameworks */ = {
			isa = PBXFrameworksBuildPhase;
			buildActionMask = 2147483647;
			files = (
			);
			runOnlyForDeploymentPostprocessing = 0;
		};
		4D7EF7D6288AA45700614FAD /* Frameworks */ = {
			isa = PBXFrameworksBuildPhase;
			buildActionMask = 2147483647;
			files = (
			);
			runOnlyForDeploymentPostprocessing = 0;
		};
/* End PBXFrameworksBuildPhase section */

/* Begin PBXGroup section */
		4D1D966928913B3A0094A76B /* Base */ = {
			isa = PBXGroup;
			children = (
				4D1D96B328926E5F0094A76B /* View */,
				4D1D966C28913D2E0094A76B /* ViewController */,
				4D1D96BE289274CE0094A76B /* UUAPI.swift */,
			);
			path = Base;
			sourceTree = "<group>";
		};
		4D1D966C28913D2E0094A76B /* ViewController */ = {
			isa = PBXGroup;
			children = (
				4D1D966A28913B620094A76B /* UUTabBarController.swift */,
				4D1D966D28913D670094A76B /* UUBaseViewController.swift */,
				4D1D96722892247C0094A76B /* UUNavigationController.swift */,
				4D1D9674289230170094A76B /* UUPageViewController.swift */,
			);
			path = ViewController;
			sourceTree = "<group>";
		};
		4D1D966F28921F0D0094A76B /* Extension */ = {
			isa = PBXGroup;
			children = (
				4D1D967028921F4E0094A76B /* UIColorExtension.swift */,
			);
			path = Extension;
			sourceTree = "<group>";
		};
		4D1D9676289237320094A76B /* Home */ = {
			isa = PBXGroup;
			children = (
				4D1D96B028926E260094A76B /* View */,
				4D1D96AD28926ABF0094A76B /* Model */,
				4D1D9679289258E80094A76B /* ViewController */,
			);
			path = Home;
			sourceTree = "<group>";
		};
		4D1D9679289258E80094A76B /* ViewController */ = {
			isa = PBXGroup;
			children = (
				4D1D9677289237630094A76B /* UUHomeViewController.swift */,
				4D1D967A2892590C0094A76B /* UUVIPListViewController.swift */,
				4D1D967C289259230094A76B /* UUBoutiqueListViewController.swift */,
				4D1D967E289259490094A76B /* UUSubscibeListViewController.swift */,
				4D1D9680289259610094A76B /* UUUpdateListViewController.swift */,
				4D1D9682289259740094A76B /* UUSpecialViewController.swift */,
				4D1D96842892598B0094A76B /* UURankListViewController.swift */,
				4D1D96AB289264410094A76B /* UUSearchViewController.swift */,
			);
			path = ViewController;
			sourceTree = "<group>";
		};
		4D1D9686289259C00094A76B /* Book */ = {
			isa = PBXGroup;
			children = (
				4D1D969D28925B2C0094A76B /* ViewController */,
			);
			path = Book;
			sourceTree = "<group>";
		};
		4D1D9687289259CA0094A76B /* Cate */ = {
			isa = PBXGroup;
			children = (
				4D1D968B28925A7E0094A76B /* ViewController */,
			);
			path = Cate;
			sourceTree = "<group>";
		};
		4D1D9688289259D40094A76B /* Comic */ = {
			isa = PBXGroup;
			children = (
				4D1D968E28925A9B0094A76B /* ViewController */,
			);
			path = Comic;
			sourceTree = "<group>";
		};
		4D1D9689289259DE0094A76B /* Mine */ = {
			isa = PBXGroup;
			children = (
				4D1D96A628925C190094A76B /* ViewController */,
			);
			path = Mine;
			sourceTree = "<group>";
		};
		4D1D968A28925A0A0094A76B /* Component */ = {
			isa = PBXGroup;
			children = (
				4D1D96B9289271110094A76B /* EmptyDataSet */,
				4D1D96B628926F930094A76B /* Refresh */,
			);
			path = Component;
			sourceTree = "<group>";
		};
		4D1D968B28925A7E0094A76B /* ViewController */ = {
			isa = PBXGroup;
			children = (
				4D1D968C28925A910094A76B /* UUCateListViewController.swift */,
			);
			path = ViewController;
			sourceTree = "<group>";
		};
		4D1D968E28925A9B0094A76B /* ViewController */ = {
			isa = PBXGroup;
			children = (
				4D1D968F28925AB50094A76B /* UUComicViewController.swift */,
				4D1D969128925ACC0094A76B /* UUComicDetailViewController.swift */,
				4D1D969328925ADA0094A76B /* UUOtherWorksViewController.swift */,
				4D1D969528925AEA0094A76B /* UUChapterViewController.swift */,
				4D1D969728925AF70094A76B /* UUComicListViewController.swift */,
				4D1D969928925B040094A76B /* UUReadViewController.swift */,
				4D1D969B28925B170094A76B /* UUCommentViewController.swift */,
			);
			path = ViewController;
			sourceTree = "<group>";
		};
		4D1D969D28925B2C0094A76B /* ViewController */ = {
			isa = PBXGroup;
			children = (
				4D1D969E28925B6B0094A76B /* UUBookGradViewController.swift */,
				4D1D96A028925B7F0094A76B /* UUBookViewController.swift */,
				4D1D96A228925BC00094A76B /* UUBookListViewController.swift */,
				4D1D96A428925BFC0094A76B /* UUBookDownloadListVC.swift */,
			);
			path = ViewController;
			sourceTree = "<group>";
		};
		4D1D96A628925C190094A76B /* ViewController */ = {
			isa = PBXGroup;
			children = (
				4D1D96A728925C290094A76B /* UUSettingViewController.swift */,
				4D1D96A928925C360094A76B /* UUMineViewController.swift */,
			);
			path = ViewController;
			sourceTree = "<group>";
		};
		4D1D96AD28926ABF0094A76B /* Model */ = {
			isa = PBXGroup;
			children = (
				4D1D96AE28926AD10094A76B /* RankingListModel.swift */,
			);
			path = Model;
			sourceTree = "<group>";
		};
		4D1D96B028926E260094A76B /* View */ = {
			isa = PBXGroup;
			children = (
				4D1D96B128926E4E0094A76B /* UURankTabCell.swift */,
			);
			path = View;
			sourceTree = "<group>";
		};
		4D1D96B328926E5F0094A76B /* View */ = {
			isa = PBXGroup;
			children = (
				4D1D96B428926E780094A76B /* UUBaseTableViewCell.swift */,
			);
			path = View;
			sourceTree = "<group>";
		};
		4D1D96B628926F930094A76B /* Refresh */ = {
			isa = PBXGroup;
			children = (
				4D1D96B728926FBC0094A76B /* UURefresH.swift */,
			);
			path = Refresh;
			sourceTree = "<group>";
		};
		4D1D96B9289271110094A76B /* EmptyDataSet */ = {
			isa = PBXGroup;
			children = (
				4D1D96BA2892711D0094A76B /* UEmptyDataSet.swift */,
			);
			path = EmptyDataSet;
			sourceTree = "<group>";
		};
		4D7EF7B0288AA45600614FAD = {
			isa = PBXGroup;
			children = (
				4D7EF7BB288AA45600614FAD /* U18 */,
				4D7EF7D2288AA45700614FAD /* U18Tests */,
				4D7EF7DC288AA45700614FAD /* U18UITests */,
				4D7EF7BA288AA45600614FAD /* Products */,
				9F394CAFEE3C55C916AA5E3D /* Pods */,
				81F143F31B1D11DB7067A9CA /* Frameworks */,
			);
			sourceTree = "<group>";
		};
		4D7EF7BA288AA45600614FAD /* Products */ = {
			isa = PBXGroup;
			children = (
				4D7EF7B9288AA45600614FAD /* U18.app */,
				4D7EF7CF288AA45700614FAD /* U18Tests.xctest */,
				4D7EF7D9288AA45700614FAD /* U18UITests.xctest */,
			);
			name = Products;
			sourceTree = "<group>";
		};
		4D7EF7BB288AA45600614FAD /* U18 */ = {
			isa = PBXGroup;
			children = (
				4D1D968A28925A0A0094A76B /* Component */,
				4D1D966F28921F0D0094A76B /* Extension */,
				4D1D966928913B3A0094A76B /* Base */,
				4D1D9676289237320094A76B /* Home */,
				4D1D9688289259D40094A76B /* Comic */,
				4D1D9687289259CA0094A76B /* Cate */,
				4D1D9686289259C00094A76B /* Book */,
				4D1D9689289259DE0094A76B /* Mine */,
				4D7EF7BC288AA45600614FAD /* AppDelegate.swift */,
				4D1D96BC2892720D0094A76B /* Global.swift */,
				4D7EF7C0288AA45600614FAD /* ViewController.swift */,
				4D7EF7C2288AA45600614FAD /* Main.storyboard */,
				4D7EF7C5288AA45700614FAD /* Assets.xcassets */,
				4D7EF7C7288AA45700614FAD /* LaunchScreen.storyboard */,
				4D7EF7CA288AA45700614FAD /* Info.plist */,
			);
			path = U18;
			sourceTree = "<group>";
		};
		4D7EF7D2288AA45700614FAD /* U18Tests */ = {
			isa = PBXGroup;
			children = (
				4D7EF7D3288AA45700614FAD /* U18Tests.swift */,
			);
			path = U18Tests;
			sourceTree = "<group>";
		};
		4D7EF7DC288AA45700614FAD /* U18UITests */ = {
			isa = PBXGroup;
			children = (
				4D7EF7DD288AA45700614FAD /* U18UITests.swift */,
				4D7EF7DF288AA45700614FAD /* U18UITestsLaunchTests.swift */,
			);
			path = U18UITests;
			sourceTree = "<group>";
		};
		81F143F31B1D11DB7067A9CA /* Frameworks */ = {
			isa = PBXGroup;
			children = (
				11EAF32A9C26DC12D7125802 /* Pods_U18.framework */,
			);
			name = Frameworks;
			sourceTree = "<group>";
		};
		9F394CAFEE3C55C916AA5E3D /* Pods */ = {
			isa = PBXGroup;
			children = (
				61311BEC31964A56FDA795CF /* Pods-U18.debug.xcconfig */,
				4446D602F2F278FCE44CB74F /* Pods-U18.release.xcconfig */,
			);
			path = Pods;
			sourceTree = "<group>";
		};
/* End PBXGroup section */

/* Begin PBXNativeTarget section */
		4D7EF7B8288AA45600614FAD /* U18 */ = {
			isa = PBXNativeTarget;
			buildConfigurationList = 4D7EF7E3288AA45700614FAD /* Build configuration list for PBXNativeTarget "U18" */;
			buildPhases = (
				1BBC35DED48D110079A09215 /* [CP] Check Pods Manifest.lock */,
				4D7EF7B5288AA45600614FAD /* Sources */,
				4D7EF7B6288AA45600614FAD /* Frameworks */,
				4D7EF7B7288AA45600614FAD /* Resources */,
				E30A9544883DAB3FDA37D4DF /* [CP] Embed Pods Frameworks */,
			);
			buildRules = (
			);
			dependencies = (
			);
			name = U18;
			productName = U18;
			productReference = 4D7EF7B9288AA45600614FAD /* U18.app */;
			productType = "com.apple.product-type.application";
		};
		4D7EF7CE288AA45700614FAD /* U18Tests */ = {
			isa = PBXNativeTarget;
			buildConfigurationList = 4D7EF7E6288AA45700614FAD /* Build configuration list for PBXNativeTarget "U18Tests" */;
			buildPhases = (
				4D7EF7CB288AA45700614FAD /* Sources */,
				4D7EF7CC288AA45700614FAD /* Frameworks */,
				4D7EF7CD288AA45700614FAD /* Resources */,
			);
			buildRules = (
			);
			dependencies = (
				4D7EF7D1288AA45700614FAD /* PBXTargetDependency */,
			);
			name = U18Tests;
			productName = U18Tests;
			productReference = 4D7EF7CF288AA45700614FAD /* U18Tests.xctest */;
			productType = "com.apple.product-type.bundle.unit-test";
		};
		4D7EF7D8288AA45700614FAD /* U18UITests */ = {
			isa = PBXNativeTarget;
			buildConfigurationList = 4D7EF7E9288AA45700614FAD /* Build configuration list for PBXNativeTarget "U18UITests" */;
			buildPhases = (
				4D7EF7D5288AA45700614FAD /* Sources */,
				4D7EF7D6288AA45700614FAD /* Frameworks */,
				4D7EF7D7288AA45700614FAD /* Resources */,
			);
			buildRules = (
			);
			dependencies = (
				4D7EF7DB288AA45700614FAD /* PBXTargetDependency */,
			);
			name = U18UITests;
			productName = U18UITests;
			productReference = 4D7EF7D9288AA45700614FAD /* U18UITests.xctest */;
			productType = "com.apple.product-type.bundle.ui-testing";
		};
/* End PBXNativeTarget section */

/* Begin PBXProject section */
		4D7EF7B1288AA45600614FAD /* Project object */ = {
			isa = PBXProject;
			attributes = {
				BuildIndependentTargetsInParallel = 1;
				LastSwiftUpdateCheck = 1340;
				LastUpgradeCheck = 1340;
				TargetAttributes = {
					4D7EF7B8288AA45600614FAD = {
						CreatedOnToolsVersion = 13.4.1;
					};
					4D7EF7CE288AA45700614FAD = {
						CreatedOnToolsVersion = 13.4.1;
						TestTargetID = 4D7EF7B8288AA45600614FAD;
					};
					4D7EF7D8288AA45700614FAD = {
						CreatedOnToolsVersion = 13.4.1;
						TestTargetID = 4D7EF7B8288AA45600614FAD;
					};
				};
			};
			buildConfigurationList = 4D7EF7B4288AA45600614FAD /* Build configuration list for PBXProject "U18" */;
			compatibilityVersion = "Xcode 13.0";
			developmentRegion = en;
			hasScannedForEncodings = 0;
			knownRegions = (
				en,
				Base,
			);
			mainGroup = 4D7EF7B0288AA45600614FAD;
			productRefGroup = 4D7EF7BA288AA45600614FAD /* Products */;
			projectDirPath = "";
			projectRoot = "";
			targets = (
				4D7EF7B8288AA45600614FAD /* U18 */,
				4D7EF7CE288AA45700614FAD /* U18Tests */,
				4D7EF7D8288AA45700614FAD /* U18UITests */,
			);
		};
/* End PBXProject section */

/* Begin PBXResourcesBuildPhase section */
		4D7EF7B7288AA45600614FAD /* Resources */ = {
			isa = PBXResourcesBuildPhase;
			buildActionMask = 2147483647;
			files = (
				4D7EF7C9288AA45700614FAD /* LaunchScreen.storyboard in Resources */,
				4D7EF7C6288AA45700614FAD /* Assets.xcassets in Resources */,
				4D7EF7C4288AA45600614FAD /* Main.storyboard in Resources */,
			);
			runOnlyForDeploymentPostprocessing = 0;
		};
		4D7EF7CD288AA45700614FAD /* Resources */ = {
			isa = PBXResourcesBuildPhase;
			buildActionMask = 2147483647;
			files = (
			);
			runOnlyForDeploymentPostprocessing = 0;
		};
		4D7EF7D7288AA45700614FAD /* Resources */ = {
			isa = PBXResourcesBuildPhase;
			buildActionMask = 2147483647;
			files = (
			);
			runOnlyForDeploymentPostprocessing = 0;
		};
/* End PBXResourcesBuildPhase section */

/* Begin PBXShellScriptBuildPhase section */
		1BBC35DED48D110079A09215 /* [CP] Check Pods Manifest.lock */ = {
			isa = PBXShellScriptBuildPhase;
			buildActionMask = 2147483647;
			files = (
			);
			inputFileListPaths = (
			);
			inputPaths = (
				"${PODS_PODFILE_DIR_PATH}/Podfile.lock",
				"${PODS_ROOT}/Manifest.lock",
			);
			name = "[CP] Check Pods Manifest.lock";
			outputFileListPaths = (
			);
			outputPaths = (
				"$(DERIVED_FILE_DIR)/Pods-U18-checkManifestLockResult.txt",
			);
			runOnlyForDeploymentPostprocessing = 0;
			shellPath = /bin/sh;
			shellScript = "diff \"${PODS_PODFILE_DIR_PATH}/Podfile.lock\" \"${PODS_ROOT}/Manifest.lock\" > /dev/null\nif [ $? != 0 ] ; then\n    # print error to STDERR\n    echo \"error: The sandbox is not in sync with the Podfile.lock. Run 'pod install' or update your CocoaPods installation.\" >&2\n    exit 1\nfi\n# This output is used by Xcode 'outputs' to avoid re-running this script phase.\necho \"SUCCESS\" > \"${SCRIPT_OUTPUT_FILE_0}\"\n";
			showEnvVarsInLog = 0;
		};
		E30A9544883DAB3FDA37D4DF /* [CP] Embed Pods Frameworks */ = {
			isa = PBXShellScriptBuildPhase;
			buildActionMask = 2147483647;
			files = (
			);
			inputFileListPaths = (
				"${PODS_ROOT}/Target Support Files/Pods-U18/Pods-U18-frameworks-${CONFIGURATION}-input-files.xcfilelist",
			);
			name = "[CP] Embed Pods Frameworks";
			outputFileListPaths = (
				"${PODS_ROOT}/Target Support Files/Pods-U18/Pods-U18-frameworks-${CONFIGURATION}-output-files.xcfilelist",
			);
			runOnlyForDeploymentPostprocessing = 0;
			shellPath = /bin/sh;
			shellScript = "\"${PODS_ROOT}/Target Support Files/Pods-U18/Pods-U18-frameworks.sh\"\n";
			showEnvVarsInLog = 0;
		};
/* End PBXShellScriptBuildPhase section */

/* Begin PBXSourcesBuildPhase section */
		4D7EF7B5288AA45600614FAD /* Sources */ = {
			isa = PBXSourcesBuildPhase;
			buildActionMask = 2147483647;
			files = (
				4D1D969F28925B6B0094A76B /* UUBookGradViewController.swift in Sources */,
				4D1D967F289259490094A76B /* UUSubscibeListViewController.swift in Sources */,
				4D7EF7C1288AA45600614FAD /* ViewController.swift in Sources */,
				4D1D969628925AEA0094A76B /* UUChapterViewController.swift in Sources */,
				4D1D966E28913D670094A76B /* UUBaseViewController.swift in Sources */,
				4D1D967128921F4E0094A76B /* UIColorExtension.swift in Sources */,
				4D1D969228925ACC0094A76B /* UUComicDetailViewController.swift in Sources */,
				4D1D969C28925B170094A76B /* UUCommentViewController.swift in Sources */,
				4D1D969828925AF70094A76B /* UUComicListViewController.swift in Sources */,
				4D1D96A528925BFC0094A76B /* UUBookDownloadListVC.swift in Sources */,
				4D1D96A128925B7F0094A76B /* UUBookViewController.swift in Sources */,
				4D1D966B28913B620094A76B /* UUTabBarController.swift in Sources */,
				4D1D9675289230170094A76B /* UUPageViewController.swift in Sources */,
				4D1D96BD2892720D0094A76B /* Global.swift in Sources */,
				4D7EF7BD288AA45600614FAD /* AppDelegate.swift in Sources */,
				4D1D96732892247C0094A76B /* UUNavigationController.swift in Sources */,
				4D1D96AA28925C360094A76B /* UUMineViewController.swift in Sources */,
				4D1D9678289237630094A76B /* UUHomeViewController.swift in Sources */,
				4D1D96AC289264410094A76B /* UUSearchViewController.swift in Sources */,
				4D1D969A28925B040094A76B /* UUReadViewController.swift in Sources */,
				4D1D969428925ADA0094A76B /* UUOtherWorksViewController.swift in Sources */,
				4D1D968D28925A910094A76B /* UUCateListViewController.swift in Sources */,
				4D1D969028925AB50094A76B /* UUComicViewController.swift in Sources */,
				4D1D96AF28926AD10094A76B /* RankingListModel.swift in Sources */,
				4D1D96B828926FBC0094A76B /* UURefresH.swift in Sources */,
				4D1D96A828925C290094A76B /* UUSettingViewController.swift in Sources */,
				4D1D9683289259740094A76B /* UUSpecialViewController.swift in Sources */,
				4D1D96B228926E4E0094A76B /* UURankTabCell.swift in Sources */,
				4D1D967D289259230094A76B /* UUBoutiqueListViewController.swift in Sources */,
				4D1D9681289259610094A76B /* UUUpdateListViewController.swift in Sources */,
				4D1D96BF289274CE0094A76B /* UUAPI.swift in Sources */,
				4D1D96B528926E780094A76B /* UUBaseTableViewCell.swift in Sources */,
				4D1D96BB2892711D0094A76B /* UEmptyDataSet.swift in Sources */,
				4D1D96852892598B0094A76B /* UURankListViewController.swift in Sources */,
				4D1D96A328925BC00094A76B /* UUBookListViewController.swift in Sources */,
				4D1D967B2892590C0094A76B /* UUVIPListViewController.swift in Sources */,
			);
			runOnlyForDeploymentPostprocessing = 0;
		};
		4D7EF7CB288AA45700614FAD /* Sources */ = {
			isa = PBXSourcesBuildPhase;
			buildActionMask = 2147483647;
			files = (
				4D7EF7D4288AA45700614FAD /* U18Tests.swift in Sources */,
			);
			runOnlyForDeploymentPostprocessing = 0;
		};
		4D7EF7D5288AA45700614FAD /* Sources */ = {
			isa = PBXSourcesBuildPhase;
			buildActionMask = 2147483647;
			files = (
				4D7EF7DE288AA45700614FAD /* U18UITests.swift in Sources */,
				4D7EF7E0288AA45700614FAD /* U18UITestsLaunchTests.swift in Sources */,
			);
			runOnlyForDeploymentPostprocessing = 0;
		};
/* End PBXSourcesBuildPhase section */

/* Begin PBXTargetDependency section */
		4D7EF7D1288AA45700614FAD /* PBXTargetDependency */ = {
			isa = PBXTargetDependency;
			target = 4D7EF7B8288AA45600614FAD /* U18 */;
			targetProxy = 4D7EF7D0288AA45700614FAD /* PBXContainerItemProxy */;
		};
		4D7EF7DB288AA45700614FAD /* PBXTargetDependency */ = {
			isa = PBXTargetDependency;
			target = 4D7EF7B8288AA45600614FAD /* U18 */;
			targetProxy = 4D7EF7DA288AA45700614FAD /* PBXContainerItemProxy */;
		};
/* End PBXTargetDependency section */

/* Begin PBXVariantGroup section */
		4D7EF7C2288AA45600614FAD /* Main.storyboard */ = {
			isa = PBXVariantGroup;
			children = (
				4D7EF7C3288AA45600614FAD /* Base */,
			);
			name = Main.storyboard;
			sourceTree = "<group>";
		};
		4D7EF7C7288AA45700614FAD /* LaunchScreen.storyboard */ = {
			isa = PBXVariantGroup;
			children = (
				4D7EF7C8288AA45700614FAD /* Base */,
			);
			name = LaunchScreen.storyboard;
			sourceTree = "<group>";
		};
/* End PBXVariantGroup section */

/* Begin XCBuildConfiguration section */
		4D7EF7E1288AA45700614FAD /* Debug */ = {
			isa = XCBuildConfiguration;
			buildSettings = {
				ALWAYS_SEARCH_USER_PATHS = NO;
				CLANG_ANALYZER_NONNULL = YES;
				CLANG_ANALYZER_NUMBER_OBJECT_CONVERSION = YES_AGGRESSIVE;
				CLANG_CXX_LANGUAGE_STANDARD = "gnu++17";
				CLANG_ENABLE_MODULES = YES;
				CLANG_ENABLE_OBJC_ARC = YES;
				CLANG_ENABLE_OBJC_WEAK = YES;
				CLANG_WARN_BLOCK_CAPTURE_AUTORELEASING = YES;
				CLANG_WARN_BOOL_CONVERSION = YES;
				CLANG_WARN_COMMA = YES;
				CLANG_WARN_CONSTANT_CONVERSION = YES;
				CLANG_WARN_DEPRECATED_OBJC_IMPLEMENTATIONS = YES;
				CLANG_WARN_DIRECT_OBJC_ISA_USAGE = YES_ERROR;
				CLANG_WARN_DOCUMENTATION_COMMENTS = YES;
				CLANG_WARN_EMPTY_BODY = YES;
				CLANG_WARN_ENUM_CONVERSION = YES;
				CLANG_WARN_INFINITE_RECURSION = YES;
				CLANG_WARN_INT_CONVERSION = YES;
				CLANG_WARN_NON_LITERAL_NULL_CONVERSION = YES;
				CLANG_WARN_OBJC_IMPLICIT_RETAIN_SELF = YES;
				CLANG_WARN_OBJC_LITERAL_CONVERSION = YES;
				CLANG_WARN_OBJC_ROOT_CLASS = YES_ERROR;
				CLANG_WARN_QUOTED_INCLUDE_IN_FRAMEWORK_HEADER = YES;
				CLANG_WARN_RANGE_LOOP_ANALYSIS = YES;
				CLANG_WARN_STRICT_PROTOTYPES = YES;
				CLANG_WARN_SUSPICIOUS_MOVE = YES;
				CLANG_WARN_UNGUARDED_AVAILABILITY = YES_AGGRESSIVE;
				CLANG_WARN_UNREACHABLE_CODE = YES;
				CLANG_WARN__DUPLICATE_METHOD_MATCH = YES;
				COPY_PHASE_STRIP = NO;
				DEBUG_INFORMATION_FORMAT = dwarf;
				ENABLE_STRICT_OBJC_MSGSEND = YES;
				ENABLE_TESTABILITY = YES;
				GCC_C_LANGUAGE_STANDARD = gnu11;
				GCC_DYNAMIC_NO_PIC = NO;
				GCC_NO_COMMON_BLOCKS = YES;
				GCC_OPTIMIZATION_LEVEL = 0;
				GCC_PREPROCESSOR_DEFINITIONS = (
					"DEBUG=1",
					"$(inherited)",
				);
				GCC_WARN_64_TO_32_BIT_CONVERSION = YES;
				GCC_WARN_ABOUT_RETURN_TYPE = YES_ERROR;
				GCC_WARN_UNDECLARED_SELECTOR = YES;
				GCC_WARN_UNINITIALIZED_AUTOS = YES_AGGRESSIVE;
				GCC_WARN_UNUSED_FUNCTION = YES;
				GCC_WARN_UNUSED_VARIABLE = YES;
				IPHONEOS_DEPLOYMENT_TARGET = 15.5;
				MTL_ENABLE_DEBUG_INFO = INCLUDE_SOURCE;
				MTL_FAST_MATH = YES;
				ONLY_ACTIVE_ARCH = YES;
				SDKROOT = iphoneos;
				SWIFT_ACTIVE_COMPILATION_CONDITIONS = DEBUG;
				SWIFT_OPTIMIZATION_LEVEL = "-Onone";
			};
			name = Debug;
		};
		4D7EF7E2288AA45700614FAD /* Release */ = {
			isa = XCBuildConfiguration;
			buildSettings = {
				ALWAYS_SEARCH_USER_PATHS = NO;
				CLANG_ANALYZER_NONNULL = YES;
				CLANG_ANALYZER_NUMBER_OBJECT_CONVERSION = YES_AGGRESSIVE;
				CLANG_CXX_LANGUAGE_STANDARD = "gnu++17";
				CLANG_ENABLE_MODULES = YES;
				CLANG_ENABLE_OBJC_ARC = YES;
				CLANG_ENABLE_OBJC_WEAK = YES;
				CLANG_WARN_BLOCK_CAPTURE_AUTORELEASING = YES;
				CLANG_WARN_BOOL_CONVERSION = YES;
				CLANG_WARN_COMMA = YES;
				CLANG_WARN_CONSTANT_CONVERSION = YES;
				CLANG_WARN_DEPRECATED_OBJC_IMPLEMENTATIONS = YES;
				CLANG_WARN_DIRECT_OBJC_ISA_USAGE = YES_ERROR;
				CLANG_WARN_DOCUMENTATION_COMMENTS = YES;
				CLANG_WARN_EMPTY_BODY = YES;
				CLANG_WARN_ENUM_CONVERSION = YES;
				CLANG_WARN_INFINITE_RECURSION = YES;
				CLANG_WARN_INT_CONVERSION = YES;
				CLANG_WARN_NON_LITERAL_NULL_CONVERSION = YES;
				CLANG_WARN_OBJC_IMPLICIT_RETAIN_SELF = YES;
				CLANG_WARN_OBJC_LITERAL_CONVERSION = YES;
				CLANG_WARN_OBJC_ROOT_CLASS = YES_ERROR;
				CLANG_WARN_QUOTED_INCLUDE_IN_FRAMEWORK_HEADER = YES;
				CLANG_WARN_RANGE_LOOP_ANALYSIS = YES;
				CLANG_WARN_STRICT_PROTOTYPES = YES;
				CLANG_WARN_SUSPICIOUS_MOVE = YES;
				CLANG_WARN_UNGUARDED_AVAILABILITY = YES_AGGRESSIVE;
				CLANG_WARN_UNREACHABLE_CODE = YES;
				CLANG_WARN__DUPLICATE_METHOD_MATCH = YES;
				COPY_PHASE_STRIP = NO;
				DEBUG_INFORMATION_FORMAT = "dwarf-with-dsym";
				ENABLE_NS_ASSERTIONS = NO;
				ENABLE_STRICT_OBJC_MSGSEND = YES;
				GCC_C_LANGUAGE_STANDARD = gnu11;
				GCC_NO_COMMON_BLOCKS = YES;
				GCC_WARN_64_TO_32_BIT_CONVERSION = YES;
				GCC_WARN_ABOUT_RETURN_TYPE = YES_ERROR;
				GCC_WARN_UNDECLARED_SELECTOR = YES;
				GCC_WARN_UNINITIALIZED_AUTOS = YES_AGGRESSIVE;
				GCC_WARN_UNUSED_FUNCTION = YES;
				GCC_WARN_UNUSED_VARIABLE = YES;
				IPHONEOS_DEPLOYMENT_TARGET = 15.5;
				MTL_ENABLE_DEBUG_INFO = NO;
				MTL_FAST_MATH = YES;
				SDKROOT = iphoneos;
				SWIFT_COMPILATION_MODE = wholemodule;
				SWIFT_OPTIMIZATION_LEVEL = "-O";
				VALIDATE_PRODUCT = YES;
			};
			name = Release;
		};
		4D7EF7E4288AA45700614FAD /* Debug */ = {
			isa = XCBuildConfiguration;
			baseConfigurationReference = 61311BEC31964A56FDA795CF /* Pods-U18.debug.xcconfig */;
			buildSettings = {
				ASSETCATALOG_COMPILER_APPICON_NAME = AppIcon;
				ASSETCATALOG_COMPILER_GLOBAL_ACCENT_COLOR_NAME = AccentColor;
				CODE_SIGN_STYLE = Automatic;
				CURRENT_PROJECT_VERSION = 1;
				DEVELOPMENT_TEAM = TSK4W8GYE6;
				GENERATE_INFOPLIST_FILE = YES;
				INFOPLIST_FILE = U18/Info.plist;
				INFOPLIST_KEY_UIApplicationSupportsIndirectInputEvents = YES;
				INFOPLIST_KEY_UILaunchStoryboardName = LaunchScreen;
				INFOPLIST_KEY_UIMainStoryboardFile = Main;
				INFOPLIST_KEY_UISupportedInterfaceOrientations_iPad = "UIInterfaceOrientationPortrait UIInterfaceOrientationPortraitUpsideDown UIInterfaceOrientationLandscapeLeft UIInterfaceOrientationLandscapeRight";
				INFOPLIST_KEY_UISupportedInterfaceOrientations_iPhone = "UIInterfaceOrientationPortrait UIInterfaceOrientationLandscapeLeft UIInterfaceOrientationLandscapeRight";
				LD_RUNPATH_SEARCH_PATHS = (
					"$(inherited)",
					"@executable_path/Frameworks",
				);
				MARKETING_VERSION = 1.0;
				PRODUCT_BUNDLE_IDENTIFIER = com.crlandmixc.joylife.test.U18;
				PRODUCT_NAME = "$(TARGET_NAME)";
				SWIFT_EMIT_LOC_STRINGS = YES;
				SWIFT_VERSION = 5.0;
				TARGETED_DEVICE_FAMILY = "1,2";
			};
			name = Debug;
		};
		4D7EF7E5288AA45700614FAD /* Release */ = {
			isa = XCBuildConfiguration;
			baseConfigurationReference = 4446D602F2F278FCE44CB74F /* Pods-U18.release.xcconfig */;
			buildSettings = {
				ASSETCATALOG_COMPILER_APPICON_NAME = AppIcon;
				ASSETCATALOG_COMPILER_GLOBAL_ACCENT_COLOR_NAME = AccentColor;
				CODE_SIGN_STYLE = Automatic;
				CURRENT_PROJECT_VERSION = 1;
				DEVELOPMENT_TEAM = TSK4W8GYE6;
				GENERATE_INFOPLIST_FILE = YES;
				INFOPLIST_FILE = U18/Info.plist;
				INFOPLIST_KEY_UIApplicationSupportsIndirectInputEvents = YES;
				INFOPLIST_KEY_UILaunchStoryboardName = LaunchScreen;
				INFOPLIST_KEY_UIMainStoryboardFile = Main;
				INFOPLIST_KEY_UISupportedInterfaceOrientations_iPad = "UIInterfaceOrientationPortrait UIInterfaceOrientationPortraitUpsideDown UIInterfaceOrientationLandscapeLeft UIInterfaceOrientationLandscapeRight";
				INFOPLIST_KEY_UISupportedInterfaceOrientations_iPhone = "UIInterfaceOrientationPortrait UIInterfaceOrientationLandscapeLeft UIInterfaceOrientationLandscapeRight";
				LD_RUNPATH_SEARCH_PATHS = (
					"$(inherited)",
					"@executable_path/Frameworks",
				);
				MARKETING_VERSION = 1.0;
				PRODUCT_BUNDLE_IDENTIFIER = com.crlandmixc.joylife.test.U18;
				PRODUCT_NAME = "$(TARGET_NAME)";
				SWIFT_EMIT_LOC_STRINGS = YES;
				SWIFT_VERSION = 5.0;
				TARGETED_DEVICE_FAMILY = "1,2";
			};
			name = Release;
		};
		4D7EF7E7288AA45700614FAD /* Debug */ = {
			isa = XCBuildConfiguration;
			buildSettings = {
				ALWAYS_EMBED_SWIFT_STANDARD_LIBRARIES = YES;
				BUNDLE_LOADER = "$(TEST_HOST)";
				CODE_SIGN_STYLE = Automatic;
				CURRENT_PROJECT_VERSION = 1;
				DEVELOPMENT_TEAM = TSK4W8GYE6;
				GENERATE_INFOPLIST_FILE = YES;
				IPHONEOS_DEPLOYMENT_TARGET = 15.5;
				MARKETING_VERSION = 1.0;
				PRODUCT_BUNDLE_IDENTIFIER = com.crlandmixc.joylife.test.U18Tests;
				PRODUCT_NAME = "$(TARGET_NAME)";
				SWIFT_EMIT_LOC_STRINGS = NO;
				SWIFT_VERSION = 5.0;
				TARGETED_DEVICE_FAMILY = "1,2";
				TEST_HOST = "$(BUILT_PRODUCTS_DIR)/U18.app/U18";
			};
			name = Debug;
		};
		4D7EF7E8288AA45700614FAD /* Release */ = {
			isa = XCBuildConfiguration;
			buildSettings = {
				ALWAYS_EMBED_SWIFT_STANDARD_LIBRARIES = YES;
				BUNDLE_LOADER = "$(TEST_HOST)";
				CODE_SIGN_STYLE = Automatic;
				CURRENT_PROJECT_VERSION = 1;
				DEVELOPMENT_TEAM = TSK4W8GYE6;
				GENERATE_INFOPLIST_FILE = YES;
				IPHONEOS_DEPLOYMENT_TARGET = 15.5;
				MARKETING_VERSION = 1.0;
				PRODUCT_BUNDLE_IDENTIFIER = com.crlandmixc.joylife.test.U18Tests;
				PRODUCT_NAME = "$(TARGET_NAME)";
				SWIFT_EMIT_LOC_STRINGS = NO;
				SWIFT_VERSION = 5.0;
				TARGETED_DEVICE_FAMILY = "1,2";
				TEST_HOST = "$(BUILT_PRODUCTS_DIR)/U18.app/U18";
			};
			name = Release;
		};
		4D7EF7EA288AA45700614FAD /* Debug */ = {
			isa = XCBuildConfiguration;
			buildSettings = {
				ALWAYS_EMBED_SWIFT_STANDARD_LIBRARIES = YES;
				CODE_SIGN_STYLE = Automatic;
				CURRENT_PROJECT_VERSION = 1;
				DEVELOPMENT_TEAM = TSK4W8GYE6;
				GENERATE_INFOPLIST_FILE = YES;
				MARKETING_VERSION = 1.0;
				PRODUCT_BUNDLE_IDENTIFIER = com.crlandmixc.joylife.test.U18UITests;
				PRODUCT_NAME = "$(TARGET_NAME)";
				SWIFT_EMIT_LOC_STRINGS = NO;
				SWIFT_VERSION = 5.0;
				TARGETED_DEVICE_FAMILY = "1,2";
				TEST_TARGET_NAME = U18;
			};
			name = Debug;
		};
		4D7EF7EB288AA45700614FAD /* Release */ = {
			isa = XCBuildConfiguration;
			buildSettings = {
				ALWAYS_EMBED_SWIFT_STANDARD_LIBRARIES = YES;
				CODE_SIGN_STYLE = Automatic;
				CURRENT_PROJECT_VERSION = 1;
				DEVELOPMENT_TEAM = TSK4W8GYE6;
				GENERATE_INFOPLIST_FILE = YES;
				MARKETING_VERSION = 1.0;
				PRODUCT_BUNDLE_IDENTIFIER = com.crlandmixc.joylife.test.U18UITests;
				PRODUCT_NAME = "$(TARGET_NAME)";
				SWIFT_EMIT_LOC_STRINGS = NO;
				SWIFT_VERSION = 5.0;
				TARGETED_DEVICE_FAMILY = "1,2";
				TEST_TARGET_NAME = U18;
			};
			name = Release;
		};
/* End XCBuildConfiguration section */

/* Begin XCConfigurationList section */
		4D7EF7B4288AA45600614FAD /* Build configuration list for PBXProject "U18" */ = {
			isa = XCConfigurationList;
			buildConfigurations = (
				4D7EF7E1288AA45700614FAD /* Debug */,
				4D7EF7E2288AA45700614FAD /* Release */,
			);
			defaultConfigurationIsVisible = 0;
			defaultConfigurationName = Release;
		};
		4D7EF7E3288AA45700614FAD /* Build configuration list for PBXNativeTarget "U18" */ = {
			isa = XCConfigurationList;
			buildConfigurations = (
				4D7EF7E4288AA45700614FAD /* Debug */,
				4D7EF7E5288AA45700614FAD /* Release */,
			);
			defaultConfigurationIsVisible = 0;
			defaultConfigurationName = Release;
		};
		4D7EF7E6288AA45700614FAD /* Build configuration list for PBXNativeTarget "U18Tests" */ = {
			isa = XCConfigurationList;
			buildConfigurations = (
				4D7EF7E7288AA45700614FAD /* Debug */,
				4D7EF7E8288AA45700614FAD /* Release */,
			);
			defaultConfigurationIsVisible = 0;
			defaultConfigurationName = Release;
		};
		4D7EF7E9288AA45700614FAD /* Build configuration list for PBXNativeTarget "U18UITests" */ = {
			isa = XCConfigurationList;
			buildConfigurations = (
				4D7EF7EA288AA45700614FAD /* Debug */,
				4D7EF7EB288AA45700614FAD /* Release */,
			);
			defaultConfigurationIsVisible = 0;
			defaultConfigurationName = Release;
		};
/* End XCConfigurationList section */
	};
	rootObject = 4D7EF7B1288AA45600614FAD /* Project object */;
}
